
Microsoft Visual Studio Solution File, Format Version 12.00
# Visual Studio 15
VisualStudioVersion = 15.0.27130.2027
MinimumVisualStudioVersion = 10.0.40219.1
Project("{FAE04EC0-301F-11D3-BF4B-00C04F79EFBC}") = "Adapter", "Adapter\Adapter.csproj", "{7C235F88-7292-4F57-8902-60BB17236077}"
EndProject
Project("{FAE04EC0-301F-11D3-BF4B-00C04F79EFBC}") = "UnitTest", "UnitTest\UnitTest.csproj", "{44D1E8A4-537B-48CA-BE1E-FE39A581542E}"
EndProject
Global
	GlobalSection(SolutionConfigurationPlatforms) = preSolution
		Debug|Any CPU = Debug|Any CPU
		Release|Any CPU = Release|Any CPU
	EndGlobalSection
	GlobalSection(ProjectConfigurationPlatforms) = postSolution
		{7C235F88-7292-4F57-8902-60BB17236077}.Debug|Any CPU.ActiveCfg = Debug|Any CPU
		{7C235F88-7292-4F57-8902-60BB17236077}.Debug|Any CPU.Build.0 = Debug|Any CPU
		{7C235F88-7292-4F57-8902-60BB17236077}.Release|Any CPU.ActiveCfg = Release|Any CPU
		{7C235F88-7292-4F57-8902-60BB17236077}.Release|Any CPU.Build.0 = Release|Any CPU
		{44D1E8A4-537B-48CA-BE1E-FE39A581542E}.Debug|Any CPU.ActiveCfg = Debug|Any CPU
		{44D1E8A4-537B-48CA-BE1E-FE39A581542E}.Debug|Any CPU.Build.0 = Debug|Any CPU
		{44D1E8A4-537B-48CA-BE1E-FE39A581542E}.Release|Any CPU.ActiveCfg = Release|Any CPU
		{44D1E8A4-537B-48CA-BE1E-FE39A581542E}.Release|Any CPU.Build.0 = Release|Any CPU
	EndGlobalSection
	GlobalSection(SolutionProperties) = preSolution
		HideSolutionNode = FALSE
	EndGlobalSection
	GlobalSection(ExtensibilityGlobals) = postSolution
		SolutionGuid = {D33D4BC4-6B34-47B6-9755-91F2A6E47B9B}
	EndGlobalSection
EndGlobal
